
Microsoft Visual Studio Solution File, Format Version 12.00
# Visual Studio Version 17
VisualStudioVersion = 17.8.34316.72
MinimumVisualStudioVersion = 10.0.40219.1
Project("{FAE04EC0-301F-11D3-BF4B-00C04F79EFBC}") = "MeuSiteMvc", "MeuSiteMvc\MeuSiteMvc.csproj", "{7B9CB0A6-11DD-425B-92F0-48CDAFDD03AE}"
EndProject
Global
	GlobalSection(SolutionConfigurationPlatforms) = preSolution
		Debug|Any CPU = Debug|Any CPU
		Release|Any CPU = Release|Any CPU
	EndGlobalSection
	GlobalSection(ProjectConfigurationPlatforms) = postSolution
		{7B9CB0A6-11DD-425B-92F0-48CDAFDD03AE}.Debug|Any CPU.ActiveCfg = Debug|Any CPU
		{7B9CB0A6-11DD-425B-92F0-48CDAFDD03AE}.Debug|Any CPU.Build.0 = Debug|Any CPU
		{7B9CB0A6-11DD-425B-92F0-48CDAFDD03AE}.Release|Any CPU.ActiveCfg = Release|Any CPU
		{7B9CB0A6-11DD-425B-92F0-48CDAFDD03AE}.Release|Any CPU.Build.0 = Release|Any CPU
	EndGlobalSection
	GlobalSection(SolutionProperties) = preSolution
		HideSolutionNode = FALSE
	EndGlobalSection
	GlobalSection(ExtensibilityGlobals) = postSolution
		SolutionGuid = {47B7B97D-A766-43AA-95F8-1A3723EB9237}
	EndGlobalSection
EndGlobal
