
Microsoft Visual Studio Solution File, Format Version 12.00
# Visual Studio Version 17
VisualStudioVersion = 17.8.34316.72
MinimumVisualStudioVersion = 10.0.40219.1
Project("{FAE04EC0-301F-11D3-BF4B-00C04F79EFBC}") = "PetShopApp", "PetShopApp\PetShopApp.csproj", "{C6FD032C-444D-44C2-9877-4B8AA5F4ED66}"
EndProject
Global
	GlobalSection(SolutionConfigurationPlatforms) = preSolution
		Debug|Any CPU = Debug|Any CPU
		Release|Any CPU = Release|Any CPU
	EndGlobalSection
	GlobalSection(ProjectConfigurationPlatforms) = postSolution
		{C6FD032C-444D-44C2-9877-4B8AA5F4ED66}.Debug|Any CPU.ActiveCfg = Debug|Any CPU
		{C6FD032C-444D-44C2-9877-4B8AA5F4ED66}.Debug|Any CPU.Build.0 = Debug|Any CPU
		{C6FD032C-444D-44C2-9877-4B8AA5F4ED66}.Release|Any CPU.ActiveCfg = Release|Any CPU
		{C6FD032C-444D-44C2-9877-4B8AA5F4ED66}.Release|Any CPU.Build.0 = Release|Any CPU
	EndGlobalSection
	GlobalSection(SolutionProperties) = preSolution
		HideSolutionNode = FALSE
	EndGlobalSection
	GlobalSection(ExtensibilityGlobals) = postSolution
		SolutionGuid = {A6FA2AF9-7EB7-4359-A8E7-8489316EBA82}
	EndGlobalSection
EndGlobal
